
Microsoft Visual Studio Solution File, Format Version 12.00
# Visual Studio Version 17
VisualStudioVersion = 17.7.34003.232
MinimumVisualStudioVersion = 10.0.40219.1
Project("{FAE04EC0-301F-11D3-BF4B-00C04F79EFBC}") = "Analiz2", "Analiz2\Analiz2.csproj", "{24D67D0C-87D5-44D1-ABCF-68B74DD60759}"
EndProject
Global
	GlobalSection(SolutionConfigurationPlatforms) = preSolution
		Debug|Any CPU = Debug|Any CPU
		Release|Any CPU = Release|Any CPU
	EndGlobalSection
	GlobalSection(ProjectConfigurationPlatforms) = postSolution
		{24D67D0C-87D5-44D1-ABCF-68B74DD60759}.Debug|Any CPU.ActiveCfg = Debug|Any CPU
		{24D67D0C-87D5-44D1-ABCF-68B74DD60759}.Debug|Any CPU.Build.0 = Debug|Any CPU
		{24D67D0C-87D5-44D1-ABCF-68B74DD60759}.Release|Any CPU.ActiveCfg = Release|Any CPU
		{24D67D0C-87D5-44D1-ABCF-68B74DD60759}.Release|Any CPU.Build.0 = Release|Any CPU
	EndGlobalSection
	GlobalSection(SolutionProperties) = preSolution
		HideSolutionNode = FALSE
	EndGlobalSection
	GlobalSection(ExtensibilityGlobals) = postSolution
		SolutionGuid = {826D4737-7F6D-4C47-8ADE-2290FE60BFF4}
	EndGlobalSection
EndGlobal
